
Microsoft Visual Studio Solution File, Format Version 12.00
# Visual Studio 15
VisualStudioVersion = 15.0.28307.329
MinimumVisualStudioVersion = 10.0.40219.1
Project("{2150E333-8FDC-42A3-9474-1A3956D46DE8}") = "Week2", "Week2", "{48538E4E-9AEA-4244-BC34-380CE2F888A9}"
EndProject
Project("{2150E333-8FDC-42A3-9474-1A3956D46DE8}") = "02", "02", "{0FBE3FD2-8F3D-4698-8A9F-177D47A404C6}"
	ProjectSection(SolutionItems) = preProject
		..\ISA\Week2\HTMLPage1.html = ..\ISA\Week2\HTMLPage1.html
		..\ISA\Week2\http-message.gif = ..\ISA\Week2\http-message.gif
		..\ISA\Week2\www-diagram.gif = ..\ISA\Week2\www-diagram.gif
	EndProjectSection
EndProject
Project("{2150E333-8FDC-42A3-9474-1A3956D46DE8}") = "03", "03", "{34AA34C4-21FD-4440-AD2E-A8DE61EB0873}"
	ProjectSection(SolutionItems) = preProject
		..\ISA\Week2\HTMLPage1.html = ..\ISA\Week2\HTMLPage1.html
		..\ISA\Week2\http-message.gif = ..\ISA\Week2\http-message.gif
		styles.css = styles.css
		..\ISA\Week2\www-diagram.gif = ..\ISA\Week2\www-diagram.gif
	EndProjectSection
EndProject
Global
	GlobalSection(SolutionProperties) = preSolution
		HideSolutionNode = FALSE
	EndGlobalSection
	GlobalSection(NestedProjects) = preSolution
		{0FBE3FD2-8F3D-4698-8A9F-177D47A404C6} = {48538E4E-9AEA-4244-BC34-380CE2F888A9}
		{34AA34C4-21FD-4440-AD2E-A8DE61EB0873} = {48538E4E-9AEA-4244-BC34-380CE2F888A9}
	EndGlobalSection
	GlobalSection(ExtensibilityGlobals) = postSolution
		SolutionGuid = {65332B08-7143-4F19-8F53-B2F41D1FE69E}
	EndGlobalSection
EndGlobal
